langcode: en
status: true
dependencies:
  module:
    - biz_block_plugin
    - system
    - wxt_library
  theme:
    - wxt_lobbyist
id: searchorganizationblock
theme: wxt_lobbyist
region: content
weight: -5
provider: null
plugin: search_organization_block
settings:
  id: search_organization_block
  label: 'Search organization block'
  provider: biz_block_plugin
  label_display: '0'
visibility:
  request_path:
    id: request_path
    pages: /search-organization
    negate: false
    context_mapping: {  }
  panels_title:
    id: panels_title
    enabled: 0
    negate: false
    context_mapping: {  }
