langcode: en
status: true
dependencies:
  module:
    - biz_block_plugin
    - system
    - wxt_library
  theme:
    - wxt_lobbyist
id: headersearchactivityblock
theme: wxt_lobbyist
region: header_slider
weight: 0
provider: null
plugin: header_search_block
settings:
  id: header_search_block
  label: 'Header Search activity block'
  provider: biz_block_plugin
  label_display: '0'
visibility:
  request_path:
    id: request_path
    pages: '<front>'
    negate: true
    context_mapping: {  }
  panels_title:
    id: panels_title
    enabled: 0
    negate: false
    context_mapping: {  }
