langcode: en
status: true
dependencies:
  module:
    - biz_block_plugin
    - wxt_library
  theme:
    - wxt_lobbyist
id: hellomessageblock
theme: wxt_lobbyist
region: navigation
weight: -17
provider: null
plugin: hello_msg_block
settings:
  id: hello_msg_block
  label: 'Hello Message block'
  provider: biz_block_plugin
  label_display: '0'
visibility:
  panels_title:
    id: panels_title
    enabled: 0
    negate: false
    context_mapping: {  }
