uuid: cc7a432e-3fc5-4909-b5d7-e7ce4f9c6a27
langcode: en
status: true
dependencies:
  module:
    - system
    - wxt_library
  theme:
    - wxt_lobbyist
_core:
  default_config_hash: kL19YRI-gkZ1prG1JbiFVlhAiXjwWNyRO39hX8JwCzg
id: searchactivityblock
theme: wxt_lobbyist
region: content
weight: -7
provider: null
plugin: search_activity_custom_block
settings:
  id: search_activity_custom_block
  label: 'Search activity block'
  label_display: '0'
  provider: biz_block_plugin
visibility:
  request_path:
    id: request_path
    negate: false
    context_mapping: {  }
    pages: /search-activity
  panels_title:
    id: panels_title
    enabled: 0
    negate: false
    context_mapping: {  }
    is_panelized: {  }
